// !$*UTF8*$!
{
	archiveVersion = 1;
	classes = {
	};
	objectVersion = 46;
	objects = {

/* Begin PBXBuildFile section */
		627F2A2E1AB8C6C100C1DF04 /* construction.png in Resources */ = {isa = PBXBuildFile; fileRef = 627F2A2D1AB8C6C100C1DF04 /* construction.png */; };
		627F2A301AB8C6DD00C1DF04 /* Abdominales.jpg in Resources */ = {isa = PBXBuildFile; fileRef = 627F2A2F1AB8C6DD00C1DF04 /* Abdominales.jpg */; };
		627F2A341AB8C71D00C1DF04 /* Lagartijas.jpg in Resources */ = {isa = PBXBuildFile; fileRef = 627F2A331AB8C71D00C1DF04 /* Lagartijas.jpg */; };
		627F2A361AB8C73A00C1DF04 /* unchecked.png in Resources */ = {isa = PBXBuildFile; fileRef = 627F2A351AB8C73A00C1DF04 /* unchecked.png */; };
		627F2A381AB8C75500C1DF04 /* itesm.jpeg in Resources */ = {isa = PBXBuildFile; fileRef = 627F2A371AB8C75500C1DF04 /* itesm.jpeg */; };
		627F2A3A1AB8CB5F00C1DF04 /* checked.png in Resources */ = {isa = PBXBuildFile; fileRef = 627F2A391AB8CB5F00C1DF04 /* checked.png */; };
		6284E4911AE95ABE005D5E82 /* Red.m in Sources */ = {isa = PBXBuildFile; fileRef = 6284E4901AE95ABE005D5E82 /* Red.m */; };
		800144A71AE832C6003D857D /* LoginVC.m in Sources */ = {isa = PBXBuildFile; fileRef = 800144A61AE832C6003D857D /* LoginVC.m */; };
		801B93331AB7AF6A00F3455E /* main.m in Sources */ = {isa = PBXBuildFile; fileRef = 801B93321AB7AF6A00F3455E /* main.m */; };
		801B93361AB7AF6A00F3455E /* AppDelegate.m in Sources */ = {isa = PBXBuildFile; fileRef = 801B93351AB7AF6A00F3455E /* AppDelegate.m */; };
		801B93391AB7AF6A00F3455E /* ViewController.m in Sources */ = {isa = PBXBuildFile; fileRef = 801B93381AB7AF6A00F3455E /* ViewController.m */; };
		801B933C1AB7AF6A00F3455E /* Main.storyboard in Resources */ = {isa = PBXBuildFile; fileRef = 801B933A1AB7AF6A00F3455E /* Main.storyboard */; };
		801B933E1AB7AF6A00F3455E /* Images.xcassets in Resources */ = {isa = PBXBuildFile; fileRef = 801B933D1AB7AF6A00F3455E /* Images.xcassets */; };
		801B93411AB7AF6A00F3455E /* LaunchScreen.xib in Resources */ = {isa = PBXBuildFile; fileRef = 801B933F1AB7AF6A00F3455E /* LaunchScreen.xib */; };
		801B934D1AB7AF6A00F3455E /* Workapp2Tests.m in Sources */ = {isa = PBXBuildFile; fileRef = 801B934C1AB7AF6A00F3455E /* Workapp2Tests.m */; };
		801B935A1AB7B24400F3455E /* InformacionVC.m in Sources */ = {isa = PBXBuildFile; fileRef = 801B93591AB7B24400F3455E /* InformacionVC.m */; };
		801B935D1AB7C6B800F3455E /* EjerciciosVC.m in Sources */ = {isa = PBXBuildFile; fileRef = 801B935C1AB7C6B800F3455E /* EjerciciosVC.m */; };
		80E11D3D1AB878B100BA4186 /* AyudaVC.m in Sources */ = {isa = PBXBuildFile; fileRef = 80E11D3C1AB878B100BA4186 /* AyudaVC.m */; };
		80E11D401AB87A1E00BA4186 /* CreditosVC.m in Sources */ = {isa = PBXBuildFile; fileRef = 80E11D3F1AB87A1E00BA4186 /* CreditosVC.m */; };
		80E11D451AB882AB00BA4186 /* DetallesEjercicioVC.m in Sources */ = {isa = PBXBuildFile; fileRef = 80E11D441AB882AB00BA4186 /* DetallesEjercicioVC.m */; };
		80E11D4F1AB88FBF00BA4186 /* EstadisticasVC.m in Sources */ = {isa = PBXBuildFile; fileRef = 80E11D4E1AB88FBF00BA4186 /* EstadisticasVC.m */; };
		80E287AB1AE9FA0800334F62 /* secundario.jpg in Resources */ = {isa = PBXBuildFile; fileRef = 80E287AA1AE9FA0800334F62 /* secundario.jpg */; };
		80E287AE1AE9FEBD00334F62 /* License.md in Sources */ = {isa = PBXBuildFile; fileRef = 80E287AD1AE9FEBD00334F62 /* License.md */; };
		80E287B41AEA040D00334F62 /* pamela.png in Resources */ = {isa = PBXBuildFile; fileRef = 80E287B31AEA040D00334F62 /* pamela.png */; };
		80E287B61AEA05DD00334F62 /* carlos.png in Resources */ = {isa = PBXBuildFile; fileRef = 80E287B51AEA05DD00334F62 /* carlos.png */; };
		80E287B81AEA084B00334F62 /* guinea.png in Resources */ = {isa = PBXBuildFile; fileRef = 80E287B71AEA084B00334F62 /* guinea.png */; };
		80E287BA1AEA093300334F62 /* brian.png in Resources */ = {isa = PBXBuildFile; fileRef = 80E287B91AEA093300334F62 /* brian.png */; };
/* End PBXBuildFile section */

/* Begin PBXContainerItemProxy section */
		801B93471AB7AF6A00F3455E /* PBXContainerItemProxy */ = {
			isa = PBXContainerItemProxy;
			containerPortal = 801B93251AB7AF6A00F3455E /* Project object */;
			proxyType = 1;
			remoteGlobalIDString = 801B932C1AB7AF6A00F3455E;
			remoteInfo = Workapp2;
		};
/* End PBXContainerItemProxy section */

/* Begin PBXFileReference section */
		627F2A2D1AB8C6C100C1DF04 /* construction.png */ = {isa = PBXFileReference; lastKnownFileType = image.png; path = construction.png; sourceTree = "<group>"; };
		627F2A2F1AB8C6DD00C1DF04 /* Abdominales.jpg */ = {isa = PBXFileReference; lastKnownFileType = image.jpeg; path = Abdominales.jpg; sourceTree = "<group>"; };
		627F2A331AB8C71D00C1DF04 /* Lagartijas.jpg */ = {isa = PBXFileReference; lastKnownFileType = image.jpeg; path = Lagartijas.jpg; sourceTree = "<group>"; };
		627F2A351AB8C73A00C1DF04 /* unchecked.png */ = {isa = PBXFileReference; lastKnownFileType = image.png; path = unchecked.png; sourceTree = "<group>"; };
		627F2A371AB8C75500C1DF04 /* itesm.jpeg */ = {isa = PBXFileReference; lastKnownFileType = image.jpeg; path = itesm.jpeg; sourceTree = "<group>"; };
		627F2A391AB8CB5F00C1DF04 /* checked.png */ = {isa = PBXFileReference; lastKnownFileType = image.png; path = checked.png; sourceTree = "<group>"; };
		6284E4901AE95ABE005D5E82 /* Red.m */ = {isa = PBXFileReference; fileEncoding = 4; lastKnownFileType = sourcecode.c.objc; path = Red.m; sourceTree = "<group>"; };
		6284E4921AE95AC5005D5E82 /* Red.h */ = {isa = PBXFileReference; lastKnownFileType = sourcecode.c.h; path = Red.h; sourceTree = "<group>"; };
		800144A51AE832C6003D857D /* LoginVC.h */ = {isa = PBXFileReference; fileEncoding = 4; lastKnownFileType = sourcecode.c.h; path = LoginVC.h; sourceTree = "<group>"; };
		800144A61AE832C6003D857D /* LoginVC.m */ = {isa = PBXFileReference; fileEncoding = 4; lastKnownFileType = sourcecode.c.objc; path = LoginVC.m; sourceTree = "<group>"; };
		801B932D1AB7AF6A00F3455E /* Workapp2.app */ = {isa = PBXFileReference; explicitFileType = wrapper.application; includeInIndex = 0; path = Workapp2.app; sourceTree = BUILT_PRODUCTS_DIR; };
		801B93311AB7AF6A00F3455E /* Info.plist */ = {isa = PBXFileReference; lastKnownFileType = text.plist.xml; path = Info.plist; sourceTree = "<group>"; };
		801B93321AB7AF6A00F3455E /* main.m */ = {isa = PBXFileReference; lastKnownFileType = sourcecode.c.objc; path = main.m; sourceTree = "<group>"; };
		801B93341AB7AF6A00F3455E /* AppDelegate.h */ = {isa = PBXFileReference; lastKnownFileType = sourcecode.c.h; path = AppDelegate.h; sourceTree = "<group>"; };
		801B93351AB7AF6A00F3455E /* AppDelegate.m */ = {isa = PBXFileReference; lastKnownFileType = sourcecode.c.objc; path = AppDelegate.m; sourceTree = "<group>"; };
		801B93371AB7AF6A00F3455E /* ViewController.h */ = {isa = PBXFileReference; lastKnownFileType = sourcecode.c.h; path = ViewController.h; sourceTree = "<group>"; };
		801B93381AB7AF6A00F3455E /* ViewController.m */ = {isa = PBXFileReference; lastKnownFileType = sourcecode.c.objc; path = ViewController.m; sourceTree = "<group>"; };
		801B933B1AB7AF6A00F3455E /* Base */ = {isa = PBXFileReference; lastKnownFileType = file.storyboard; name = Base; path = Base.lproj/Main.storyboard; sourceTree = "<group>"; };
		801B933D1AB7AF6A00F3455E /* Images.xcassets */ = {isa = PBXFileReference; lastKnownFileType = folder.assetcatalog; path = Images.xcassets; sourceTree = "<group>"; };
		801B93401AB7AF6A00F3455E /* Base */ = {isa = PBXFileReference; lastKnownFileType = file.xib; name = Base; path = Base.lproj/LaunchScreen.xib; sourceTree = "<group>"; };
		801B93461AB7AF6A00F3455E /* Workapp2Tests.xctest */ = {isa = PBXFileReference; explicitFileType = wrapper.cfbundle; includeInIndex = 0; path = Workapp2Tests.xctest; sourceTree = BUILT_PRODUCTS_DIR; };
		801B934B1AB7AF6A00F3455E /* Info.plist */ = {isa = PBXFileReference; lastKnownFileType = text.plist.xml; path = Info.plist; sourceTree = "<group>"; };
		801B934C1AB7AF6A00F3455E /* Workapp2Tests.m */ = {isa = PBXFileReference; lastKnownFileType = sourcecode.c.objc; path = Workapp2Tests.m; sourceTree = "<group>"; };
		801B93581AB7B24400F3455E /* InformacionVC.h */ = {isa = PBXFileReference; fileEncoding = 4; lastKnownFileType = sourcecode.c.h; path = InformacionVC.h; sourceTree = "<group>"; };
		801B93591AB7B24400F3455E /* InformacionVC.m */ = {isa = PBXFileReference; fileEncoding = 4; lastKnownFileType = sourcecode.c.objc; path = InformacionVC.m; sourceTree = "<group>"; };
		801B935B1AB7C6B800F3455E /* EjerciciosVC.h */ = {isa = PBXFileReference; fileEncoding = 4; lastKnownFileType = sourcecode.c.h; path = EjerciciosVC.h; sourceTree = "<group>"; };
		801B935C1AB7C6B800F3455E /* EjerciciosVC.m */ = {isa = PBXFileReference; fileEncoding = 4; lastKnownFileType = sourcecode.c.objc; path = EjerciciosVC.m; sourceTree = "<group>"; };
		80E11D3B1AB878B100BA4186 /* AyudaVC.h */ = {isa = PBXFileReference; fileEncoding = 4; lastKnownFileType = sourcecode.c.h; path = AyudaVC.h; sourceTree = "<group>"; };
		80E11D3C1AB878B100BA4186 /* AyudaVC.m */ = {isa = PBXFileReference; fileEncoding = 4; lastKnownFileType = sourcecode.c.objc; path = AyudaVC.m; sourceTree = "<group>"; };
		80E11D3E1AB87A1E00BA4186 /* CreditosVC.h */ = {isa = PBXFileReference; fileEncoding = 4; lastKnownFileType = sourcecode.c.h; path = CreditosVC.h; sourceTree = "<group>"; };
		80E11D3F1AB87A1E00BA4186 /* CreditosVC.m */ = {isa = PBXFileReference; fileEncoding = 4; lastKnownFileType = sourcecode.c.objc; path = CreditosVC.m; sourceTree = "<group>"; };
		80E11D431AB882AB00BA4186 /* DetallesEjercicioVC.h */ = {isa = PBXFileReference; fileEncoding = 4; lastKnownFileType = sourcecode.c.h; path = DetallesEjercicioVC.h; sourceTree = "<group>"; };
		80E11D441AB882AB00BA4186 /* DetallesEjercicioVC.m */ = {isa = PBXFileReference; fileEncoding = 4; lastKnownFileType = sourcecode.c.objc; path = DetallesEjercicioVC.m; sourceTree = "<group>"; };
		80E11D4D1AB88FBF00BA4186 /* EstadisticasVC.h */ = {isa = PBXFileReference; fileEncoding = 4; lastKnownFileType = sourcecode.c.h; path = EstadisticasVC.h; sourceTree = "<group>"; };
		80E11D4E1AB88FBF00BA4186 /* EstadisticasVC.m */ = {isa = PBXFileReference; fileEncoding = 4; lastKnownFileType = sourcecode.c.objc; path = EstadisticasVC.m; sourceTree = "<group>"; };
		80E287AA1AE9FA0800334F62 /* secundario.jpg */ = {isa = PBXFileReference; lastKnownFileType = image.jpeg; path = secundario.jpg; sourceTree = "<group>"; };
		80E287AD1AE9FEBD00334F62 /* License.md */ = {isa = PBXFileReference; fileEncoding = 4; lastKnownFileType = net.daringfireball.markdown; path = License.md; sourceTree = "<group>"; };
		80E287B31AEA040D00334F62 /* pamela.png */ = {isa = PBXFileReference; lastKnownFileType = image.png; path = pamela.png; sourceTree = "<group>"; };
		80E287B51AEA05DD00334F62 /* carlos.png */ = {isa = PBXFileReference; lastKnownFileType = image.png; path = carlos.png; sourceTree = "<group>"; };
		80E287B71AEA084B00334F62 /* guinea.png */ = {isa = PBXFileReference; lastKnownFileType = image.png; path = guinea.png; sourceTree = "<group>"; };
		80E287B91AEA093300334F62 /* brian.png */ = {isa = PBXFileReference; lastKnownFileType = image.png; path = brian.png; sourceTree = "<group>"; };
/* End PBXFileReference section */

/* Begin PBXFrameworksBuildPhase section */
		801B932A1AB7AF6A00F3455E /* Frameworks */ = {
			isa = PBXFrameworksBuildPhase;
			buildActionMask = 2147483647;
			files = (
			);
			runOnlyForDeploymentPostprocessing = 0;
		};
		801B93431AB7AF6A00F3455E /* Frameworks */ = {
			isa = PBXFrameworksBuildPhase;
			buildActionMask = 2147483647;
			files = (
			);
			runOnlyForDeploymentPostprocessing = 0;
		};
/* End PBXFrameworksBuildPhase section */

/* Begin PBXGroup section */
		801B93241AB7AF6A00F3455E = {
			isa = PBXGroup;
			children = (
				801B932F1AB7AF6A00F3455E /* Workapp2 */,
				801B93491AB7AF6A00F3455E /* Workapp2Tests */,
				801B932E1AB7AF6A00F3455E /* Products */,
			);
			sourceTree = "<group>";
		};
		801B932E1AB7AF6A00F3455E /* Products */ = {
			isa = PBXGroup;
			children = (
				801B932D1AB7AF6A00F3455E /* Workapp2.app */,
				801B93461AB7AF6A00F3455E /* Workapp2Tests.xctest */,
			);
			name = Products;
			sourceTree = "<group>";
		};
		801B932F1AB7AF6A00F3455E /* Workapp2 */ = {
			isa = PBXGroup;
			children = (
				80E287AC1AE9FE9800334F62 /* License */,
				6284E4921AE95AC5005D5E82 /* Red.h */,
				6284E4901AE95ABE005D5E82 /* Red.m */,
				80E11D481AB88B4300BA4186 /* imagenes */,
				801B93341AB7AF6A00F3455E /* AppDelegate.h */,
				801B93351AB7AF6A00F3455E /* AppDelegate.m */,
				801B93371AB7AF6A00F3455E /* ViewController.h */,
				801B93381AB7AF6A00F3455E /* ViewController.m */,
				801B933A1AB7AF6A00F3455E /* Main.storyboard */,
				801B933D1AB7AF6A00F3455E /* Images.xcassets */,
				801B933F1AB7AF6A00F3455E /* LaunchScreen.xib */,
				801B93301AB7AF6A00F3455E /* Supporting Files */,
				801B93581AB7B24400F3455E /* InformacionVC.h */,
				801B93591AB7B24400F3455E /* InformacionVC.m */,
				801B935B1AB7C6B800F3455E /* EjerciciosVC.h */,
				801B935C1AB7C6B800F3455E /* EjerciciosVC.m */,
				80E11D3B1AB878B100BA4186 /* AyudaVC.h */,
				80E11D3C1AB878B100BA4186 /* AyudaVC.m */,
				80E11D3E1AB87A1E00BA4186 /* CreditosVC.h */,
				80E11D3F1AB87A1E00BA4186 /* CreditosVC.m */,
				80E11D431AB882AB00BA4186 /* DetallesEjercicioVC.h */,
				80E11D441AB882AB00BA4186 /* DetallesEjercicioVC.m */,
				80E11D4D1AB88FBF00BA4186 /* EstadisticasVC.h */,
				80E11D4E1AB88FBF00BA4186 /* EstadisticasVC.m */,
				800144A51AE832C6003D857D /* LoginVC.h */,
				800144A61AE832C6003D857D /* LoginVC.m */,
			);
			path = Workapp2;
			sourceTree = "<group>";
		};
		801B93301AB7AF6A00F3455E /* Supporting Files */ = {
			isa = PBXGroup;
			children = (
				801B93311AB7AF6A00F3455E /* Info.plist */,
				801B93321AB7AF6A00F3455E /* main.m */,
			);
			name = "Supporting Files";
			sourceTree = "<group>";
		};
		801B93491AB7AF6A00F3455E /* Workapp2Tests */ = {
			isa = PBXGroup;
			children = (
				801B934C1AB7AF6A00F3455E /* Workapp2Tests.m */,
				801B934A1AB7AF6A00F3455E /* Supporting Files */,
			);
			path = Workapp2Tests;
			sourceTree = "<group>";
		};
		801B934A1AB7AF6A00F3455E /* Supporting Files */ = {
			isa = PBXGroup;
			children = (
				801B934B1AB7AF6A00F3455E /* Info.plist */,
			);
			name = "Supporting Files";
			sourceTree = "<group>";
		};
		80E11D481AB88B4300BA4186 /* imagenes */ = {
			isa = PBXGroup;
			children = (
				80E287B91AEA093300334F62 /* brian.png */,
				80E287B71AEA084B00334F62 /* guinea.png */,
				80E287B51AEA05DD00334F62 /* carlos.png */,
				80E287B31AEA040D00334F62 /* pamela.png */,
				80E287AA1AE9FA0800334F62 /* secundario.jpg */,
				627F2A391AB8CB5F00C1DF04 /* checked.png */,
				627F2A2F1AB8C6DD00C1DF04 /* Abdominales.jpg */,
				627F2A2D1AB8C6C100C1DF04 /* construction.png */,
				627F2A331AB8C71D00C1DF04 /* Lagartijas.jpg */,
				627F2A351AB8C73A00C1DF04 /* unchecked.png */,
				627F2A371AB8C75500C1DF04 /* itesm.jpeg */,
			);
			name = imagenes;
			sourceTree = "<group>";
		};
		80E287AC1AE9FE9800334F62 /* License */ = {
			isa = PBXGroup;
			children = (
				80E287AD1AE9FEBD00334F62 /* License.md */,
			);
			name = License;
			sourceTree = "<group>";
		};
/* End PBXGroup section */

/* Begin PBXNativeTarget section */
		801B932C1AB7AF6A00F3455E /* Workapp2 */ = {
			isa = PBXNativeTarget;
			buildConfigurationList = 801B93501AB7AF6A00F3455E /* Build configuration list for PBXNativeTarget "Workapp2" */;
			buildPhases = (
				801B93291AB7AF6A00F3455E /* Sources */,
				801B932A1AB7AF6A00F3455E /* Frameworks */,
				801B932B1AB7AF6A00F3455E /* Resources */,
			);
			buildRules = (
			);
			dependencies = (
			);
			name = Workapp2;
			productName = Workapp2;
			productReference = 801B932D1AB7AF6A00F3455E /* Workapp2.app */;
			productType = "com.apple.product-type.application";
		};
		801B93451AB7AF6A00F3455E /* Workapp2Tests */ = {
			isa = PBXNativeTarget;
			buildConfigurationList = 801B93531AB7AF6A00F3455E /* Build configuration list for PBXNativeTarget "Workapp2Tests" */;
			buildPhases = (
				801B93421AB7AF6A00F3455E /* Sources */,
				801B93431AB7AF6A00F3455E /* Frameworks */,
				801B93441AB7AF6A00F3455E /* Resources */,
			);
			buildRules = (
			);
			dependencies = (
				801B93481AB7AF6A00F3455E /* PBXTargetDependency */,
			);
			name = Workapp2Tests;
			productName = Workapp2Tests;
			productReference = 801B93461AB7AF6A00F3455E /* Workapp2Tests.xctest */;
			productType = "com.apple.product-type.bundle.unit-test";
		};
/* End PBXNativeTarget section */

/* Begin PBXProject section */
		801B93251AB7AF6A00F3455E /* Project object */ = {
			isa = PBXProject;
			attributes = {
				LastUpgradeCheck = 0630;
				ORGANIZATIONNAME = "Rodrigo Guinea Nava";
				TargetAttributes = {
					801B932C1AB7AF6A00F3455E = {
						CreatedOnToolsVersion = 6.3;
					};
					801B93451AB7AF6A00F3455E = {
						CreatedOnToolsVersion = 6.3;
						TestTargetID = 801B932C1AB7AF6A00F3455E;
					};
				};
			};
			buildConfigurationList = 801B93281AB7AF6A00F3455E /* Build configuration list for PBXProject "Workapp2" */;
			compatibilityVersion = "Xcode 3.2";
			developmentRegion = English;
			hasScannedForEncodings = 0;
			knownRegions = (
				en,
				Base,
			);
			mainGroup = 801B93241AB7AF6A00F3455E;
			productRefGroup = 801B932E1AB7AF6A00F3455E /* Products */;
			projectDirPath = "";
			projectRoot = "";
			targets = (
				801B932C1AB7AF6A00F3455E /* Workapp2 */,
				801B93451AB7AF6A00F3455E /* Workapp2Tests */,
			);
		};
/* End PBXProject section */

/* Begin PBXResourcesBuildPhase section */
		801B932B1AB7AF6A00F3455E /* Resources */ = {
			isa = PBXResourcesBuildPhase;
			buildActionMask = 2147483647;
			files = (
				80E287B41AEA040D00334F62 /* pamela.png in Resources */,
				627F2A2E1AB8C6C100C1DF04 /* construction.png in Resources */,
				801B933C1AB7AF6A00F3455E /* Main.storyboard in Resources */,
				627F2A3A1AB8CB5F00C1DF04 /* checked.png in Resources */,
				801B93411AB7AF6A00F3455E /* LaunchScreen.xib in Resources */,
				627F2A341AB8C71D00C1DF04 /* Lagartijas.jpg in Resources */,
				627F2A301AB8C6DD00C1DF04 /* Abdominales.jpg in Resources */,
				80E287AB1AE9FA0800334F62 /* secundario.jpg in Resources */,
				80E287B81AEA084B00334F62 /* guinea.png in Resources */,
				627F2A381AB8C75500C1DF04 /* itesm.jpeg in Resources */,
				80E287B61AEA05DD00334F62 /* carlos.png in Resources */,
				627F2A361AB8C73A00C1DF04 /* unchecked.png in Resources */,
				80E287BA1AEA093300334F62 /* brian.png in Resources */,
				801B933E1AB7AF6A00F3455E /* Images.xcassets in Resources */,
			);
			runOnlyForDeploymentPostprocessing = 0;
		};
		801B93441AB7AF6A00F3455E /* Resources */ = {
			isa = PBXResourcesBuildPhase;
			buildActionMask = 2147483647;
			files = (
			);
			runOnlyForDeploymentPostprocessing = 0;
		};
/* End PBXResourcesBuildPhase section */

/* Begin PBXSourcesBuildPhase section */
		801B93291AB7AF6A00F3455E /* Sources */ = {
			isa = PBXSourcesBuildPhase;
			buildActionMask = 2147483647;
			files = (
				6284E4911AE95ABE005D5E82 /* Red.m in Sources */,
				801B935A1AB7B24400F3455E /* InformacionVC.m in Sources */,
				801B93391AB7AF6A00F3455E /* ViewController.m in Sources */,
				800144A71AE832C6003D857D /* LoginVC.m in Sources */,
				801B935D1AB7C6B800F3455E /* EjerciciosVC.m in Sources */,
				801B93361AB7AF6A00F3455E /* AppDelegate.m in Sources */,
				80E11D4F1AB88FBF00BA4186 /* EstadisticasVC.m in Sources */,
				80E11D451AB882AB00BA4186 /* DetallesEjercicioVC.m in Sources */,
				80E287AE1AE9FEBD00334F62 /* License.md in Sources */,
				801B93331AB7AF6A00F3455E /* main.m in Sources */,
				80E11D3D1AB878B100BA4186 /* AyudaVC.m in Sources */,
				80E11D401AB87A1E00BA4186 /* CreditosVC.m in Sources */,
			);
			runOnlyForDeploymentPostprocessing = 0;
		};
		801B93421AB7AF6A00F3455E /* Sources */ = {
			isa = PBXSourcesBuildPhase;
			buildActionMask = 2147483647;
			files = (
				801B934D1AB7AF6A00F3455E /* Workapp2Tests.m in Sources */,
			);
			runOnlyForDeploymentPostprocessing = 0;
		};
/* End PBXSourcesBuildPhase section */

/* Begin PBXTargetDependency section */
		801B93481AB7AF6A00F3455E /* PBXTargetDependency */ = {
			isa = PBXTargetDependency;
			target = 801B932C1AB7AF6A00F3455E /* Workapp2 */;
			targetProxy = 801B93471AB7AF6A00F3455E /* PBXContainerItemProxy */;
		};
/* End PBXTargetDependency section */

/* Begin PBXVariantGroup section */
		801B933A1AB7AF6A00F3455E /* Main.storyboard */ = {
			isa = PBXVariantGroup;
			children = (
				801B933B1AB7AF6A00F3455E /* Base */,
			);
			name = Main.storyboard;
			sourceTree = "<group>";
		};
		801B933F1AB7AF6A00F3455E /* LaunchScreen.xib */ = {
			isa = PBXVariantGroup;
			children = (
				801B93401AB7AF6A00F3455E /* Base */,
			);
			name = LaunchScreen.xib;
			sourceTree = "<group>";
		};
/* End PBXVariantGroup section */

/* Begin XCBuildConfiguration section */
		801B934E1AB7AF6A00F3455E /* Debug */ = {
			isa = XCBuildConfiguration;
			buildSettings = {
				ALWAYS_SEARCH_USER_PATHS = NO;
				CLANG_CXX_LANGUAGE_STANDARD = "gnu++0x";
				CLANG_CXX_LIBRARY = "libc++";
				CLANG_ENABLE_MODULES = YES;
				CLANG_ENABLE_OBJC_ARC = YES;
				CLANG_WARN_BOOL_CONVERSION = YES;
				CLANG_WARN_CONSTANT_CONVERSION = YES;
				CLANG_WARN_DIRECT_OBJC_ISA_USAGE = YES_ERROR;
				CLANG_WARN_EMPTY_BODY = YES;
				CLANG_WARN_ENUM_CONVERSION = YES;
				CLANG_WARN_INT_CONVERSION = YES;
				CLANG_WARN_OBJC_ROOT_CLASS = YES_ERROR;
				CLANG_WARN_UNREACHABLE_CODE = YES;
				CLANG_WARN__DUPLICATE_METHOD_MATCH = YES;
				"CODE_SIGN_IDENTITY[sdk=iphoneos*]" = "iPhone Developer";
				COPY_PHASE_STRIP = NO;
				DEBUG_INFORMATION_FORMAT = "dwarf-with-dsym";
				ENABLE_STRICT_OBJC_MSGSEND = YES;
				GCC_C_LANGUAGE_STANDARD = gnu99;
				GCC_DYNAMIC_NO_PIC = NO;
				GCC_NO_COMMON_BLOCKS = YES;
				GCC_OPTIMIZATION_LEVEL = 0;
				GCC_PREPROCESSOR_DEFINITIONS = (
					"DEBUG=1",
					"$(inherited)",
				);
				GCC_SYMBOLS_PRIVATE_EXTERN = NO;
				GCC_WARN_64_TO_32_BIT_CONVERSION = YES;
				GCC_WARN_ABOUT_RETURN_TYPE = YES_ERROR;
				GCC_WARN_UNDECLARED_SELECTOR = YES;
				GCC_WARN_UNINITIALIZED_AUTOS = YES_AGGRESSIVE;
				GCC_WARN_UNUSED_FUNCTION = YES;
				GCC_WARN_UNUSED_VARIABLE = YES;
				IPHONEOS_DEPLOYMENT_TARGET = 8.3;
				MTL_ENABLE_DEBUG_INFO = YES;
				ONLY_ACTIVE_ARCH = YES;
				SDKROOT = iphoneos;
				TARGETED_DEVICE_FAMILY = "1,2";
			};
			name = Debug;
		};
		801B934F1AB7AF6A00F3455E /* Release */ = {
			isa = XCBuildConfiguration;
			buildSettings = {
				ALWAYS_SEARCH_USER_PATHS = NO;
				CLANG_CXX_LANGUAGE_STANDARD = "gnu++0x";
				CLANG_CXX_LIBRARY = "libc++";
				CLANG_ENABLE_MODULES = YES;
				CLANG_ENABLE_OBJC_ARC = YES;
				CLANG_WARN_BOOL_CONVERSION = YES;
				CLANG_WARN_CONSTANT_CONVERSION = YES;
				CLANG_WARN_DIRECT_OBJC_ISA_USAGE = YES_ERROR;
				CLANG_WARN_EMPTY_BODY = YES;
				CLANG_WARN_ENUM_CONVERSION = YES;
				CLANG_WARN_INT_CONVERSION = YES;
				CLANG_WARN_OBJC_ROOT_CLASS = YES_ERROR;
				CLANG_WARN_UNREACHABLE_CODE = YES;
				CLANG_WARN__DUPLICATE_METHOD_MATCH = YES;
				"CODE_SIGN_IDENTITY[sdk=iphoneos*]" = "iPhone Developer";
				COPY_PHASE_STRIP = NO;
				DEBUG_INFORMATION_FORMAT = "dwarf-with-dsym";
				ENABLE_NS_ASSERTIONS = NO;
				ENABLE_STRICT_OBJC_MSGSEND = YES;
				GCC_C_LANGUAGE_STANDARD = gnu99;
				GCC_NO_COMMON_BLOCKS = YES;
				GCC_WARN_64_TO_32_BIT_CONVERSION = YES;
				GCC_WARN_ABOUT_RETURN_TYPE = YES_ERROR;
				GCC_WARN_UNDECLARED_SELECTOR = YES;
				GCC_WARN_UNINITIALIZED_AUTOS = YES_AGGRESSIVE;
				GCC_WARN_UNUSED_FUNCTION = YES;
				GCC_WARN_UNUSED_VARIABLE = YES;
				IPHONEOS_DEPLOYMENT_TARGET = 8.3;
				MTL_ENABLE_DEBUG_INFO = NO;
				SDKROOT = iphoneos;
				TARGETED_DEVICE_FAMILY = "1,2";
				VALIDATE_PRODUCT = YES;
			};
			name = Release;
		};
		801B93511AB7AF6A00F3455E /* Debug */ = {
			isa = XCBuildConfiguration;
			buildSettings = {
				ASSETCATALOG_COMPILER_APPICON_NAME = AppIcon;
				INFOPLIST_FILE = Workapp2/Info.plist;
				IPHONEOS_DEPLOYMENT_TARGET = 8.1;
				LD_RUNPATH_SEARCH_PATHS = "$(inherited) @executable_path/Frameworks";
				PRODUCT_NAME = "$(TARGET_NAME)";
				TARGETED_DEVICE_FAMILY = 1;
			};
			name = Debug;
		};
		801B93521AB7AF6A00F3455E /* Release */ = {
			isa = XCBuildConfiguration;
			buildSettings = {
				ASSETCATALOG_COMPILER_APPICON_NAME = AppIcon;
				INFOPLIST_FILE = Workapp2/Info.plist;
				IPHONEOS_DEPLOYMENT_TARGET = 8.1;
				LD_RUNPATH_SEARCH_PATHS = "$(inherited) @executable_path/Frameworks";
				PRODUCT_NAME = "$(TARGET_NAME)";
				TARGETED_DEVICE_FAMILY = 1;
			};
			name = Release;
		};
		801B93541AB7AF6A00F3455E /* Debug */ = {
			isa = XCBuildConfiguration;
			buildSettings = {
				BUNDLE_LOADER = "$(TEST_HOST)";
				FRAMEWORK_SEARCH_PATHS = (
					"$(SDKROOT)/Developer/Library/Frameworks",
					"$(inherited)",
				);
				GCC_PREPROCESSOR_DEFINITIONS = (
					"DEBUG=1",
					"$(inherited)",
				);
				INFOPLIST_FILE = Workapp2Tests/Info.plist;
				LD_RUNPATH_SEARCH_PATHS = "$(inherited) @executable_path/Frameworks @loader_path/Frameworks";
				PRODUCT_NAME = "$(TARGET_NAME)";
				TEST_HOST = "$(BUILT_PRODUCTS_DIR)/Workapp2.app/Workapp2";
			};
			name = Debug;
		};
		801B93551AB7AF6A00F3455E /* Release */ = {
			isa = XCBuildConfiguration;
			buildSettings = {
				BUNDLE_LOADER = "$(TEST_HOST)";
				FRAMEWORK_SEARCH_PATHS = (
					"$(SDKROOT)/Developer/Library/Frameworks",
					"$(inherited)",
				);
				INFOPLIST_FILE = Workapp2Tests/Info.plist;
				LD_RUNPATH_SEARCH_PATHS = "$(inherited) @executable_path/Frameworks @loader_path/Frameworks";
				PRODUCT_NAME = "$(TARGET_NAME)";
				TEST_HOST = "$(BUILT_PRODUCTS_DIR)/Workapp2.app/Workapp2";
			};
			name = Release;
		};
/* End XCBuildConfiguration section */

/* Begin XCConfigurationList section */
		801B93281AB7AF6A00F3455E /* Build configuration list for PBXProject "Workapp2" */ = {
			isa = XCConfigurationList;
			buildConfigurations = (
				801B934E1AB7AF6A00F3455E /* Debug */,
				801B934F1AB7AF6A00F3455E /* Release */,
			);
			defaultConfigurationIsVisible = 0;
			defaultConfigurationName = Release;
		};
		801B93501AB7AF6A00F3455E /* Build configuration list for PBXNativeTarget "Workapp2" */ = {
			isa = XCConfigurationList;
			buildConfigurations = (
				801B93511AB7AF6A00F3455E /* Debug */,
				801B93521AB7AF6A00F3455E /* Release */,
			);
			defaultConfigurationIsVisible = 0;
			defaultConfigurationName = Release;
		};
		801B93531AB7AF6A00F3455E /* Build configuration list for PBXNativeTarget "Workapp2Tests" */ = {
			isa = XCConfigurationList;
			buildConfigurations = (
				801B93541AB7AF6A00F3455E /* Debug */,
				801B93551AB7AF6A00F3455E /* Release */,
			);
			defaultConfigurationIsVisible = 0;
			defaultConfigurationName = Release;
		};
/* End XCConfigurationList section */
	};
	rootObject = 801B93251AB7AF6A00F3455E /* Project object */;
}
